
Microsoft Visual Studio Solution File, Format Version 12.00
# Visual Studio Version 16
VisualStudioVersion = 16.0.808.10
MinimumVisualStudioVersion = 10.0.40219.1
Project("{FAE04EC0-301F-11D3-BF4B-00C04F79EFBC}") = "Casino", "Casino.csproj", "{A3C2C57A-0151-4A7E-9CE9-6E0E24BE462D}"
EndProject
Global
	GlobalSection(SolutionConfigurationPlatforms) = preSolution
		Debug|anycpu = Debug|anycpu
		Release|anycpu = Release|anycpu
	EndGlobalSection
	GlobalSection(ProjectConfigurationPlatforms) = postSolution
		{A3C2C57A-0151-4A7E-9CE9-6E0E24BE462D}.Debug|anycpu.ActiveCfg = Debug|anycpu
		{A3C2C57A-0151-4A7E-9CE9-6E0E24BE462D}.Debug|anycpu.Build.0 = Debug|anycpu
		{A3C2C57A-0151-4A7E-9CE9-6E0E24BE462D}.Release|anycpu.ActiveCfg = Release|anycpu
		{A3C2C57A-0151-4A7E-9CE9-6E0E24BE462D}.Release|anycpu.Build.0 = Release|anycpu
	EndGlobalSection
	GlobalSection(SolutionProperties) = preSolution
		HideSolutionNode = FALSE
	EndGlobalSection
	GlobalSection(ExtensibilityGlobals) = postSolution
		SolutionGuid = {B925D4BD-B3AF-4BCA-9D6D-72AA44BD23B9}
	EndGlobalSection
EndGlobal
